#MicroXplorer Configuration settings - do not modify
ADC1.Channel-1\#ChannelRegularConversion=ADC_CHANNEL_0
ADC1.ClockPrescaler=ADC_CLOCK_SYNC_PCLK_DIV6
ADC1.IPParameters=Rank-1\#ChannelRegularConversion,master,Channel-1\#ChannelRegularConversion,SamplingTime-1\#ChannelRegularConversion,NbrOfConversionFlag,ClockPrescaler
ADC1.NbrOfConversionFlag=1
ADC1.Rank-1\#ChannelRegularConversion=1
ADC1.SamplingTime-1\#ChannelRegularConversion=ADC_SAMPLETIME_3CYCLES
ADC1.master=1
ADC2.Channel-3\#ChannelRegularConversion=ADC_CHANNEL_14
ADC2.ClockPrescaler=ADC_CLOCK_SYNC_PCLK_DIV6
ADC2.IPParameters=Rank-3\#ChannelRegularConversion,ClockPrescaler,Channel-3\#ChannelRegularConversion,SamplingTime-3\#ChannelRegularConversion,NbrOfConversionFlag
ADC2.NbrOfConversionFlag=1
ADC2.Rank-3\#ChannelRegularConversion=1
ADC2.SamplingTime-3\#ChannelRegularConversion=ADC_SAMPLETIME_3CYCLES
ADC3.Channel-1\#ChannelRegularConversion=ADC_CHANNEL_6
ADC3.ClockPrescaler=ADC_CLOCK_SYNC_PCLK_DIV6
ADC3.IPParameters=Rank-1\#ChannelRegularConversion,Channel-1\#ChannelRegularConversion,SamplingTime-1\#ChannelRegularConversion,NbrOfConversionFlag,ClockPrescaler
ADC3.NbrOfConversionFlag=1
ADC3.Rank-1\#ChannelRegularConversion=1
ADC3.SamplingTime-1\#ChannelRegularConversion=ADC_SAMPLETIME_3CYCLES
CAN1.BS1=CAN_BS1_2TQ
CAN1.BS2=CAN_BS2_2TQ
CAN1.CalculateBaudRate=625000
CAN1.CalculateTimeBit=1600
CAN1.CalculateTimeQuantum=320.0
CAN1.IPParameters=CalculateTimeQuantum,CalculateTimeBit,CalculateBaudRate,BS1,BS2
CAN2.BS1=CAN_BS1_2TQ
CAN2.BS2=CAN_BS2_2TQ
CAN2.CalculateBaudRate=625000
CAN2.CalculateTimeBit=1600
CAN2.CalculateTimeQuantum=320.0
CAN2.IPParameters=CalculateTimeQuantum,CalculateTimeBit,CalculateBaudRate,BS1,BS2
CORTEX_M7.ART_ACCELERATOR_ENABLE=1
CORTEX_M7.CPU_DCache=Enabled
CORTEX_M7.CPU_ICache=Enabled
CORTEX_M7.IPParameters=ART_ACCELERATOR_ENABLE,PREFETCH_ENABLE,CPU_ICache,CPU_DCache
CORTEX_M7.PREFETCH_ENABLE=1
FATFS.BSP.number=1
FATFS0.BSP.STBoard=false
FATFS0.BSP.api=Unknown
FATFS0.BSP.component=
FATFS0.BSP.condition=
FATFS0.BSP.i2caddr=0
FATFS0.BSP.i2creg=
FATFS0.BSP.instance=PJ13
FATFS0.BSP.ip=GPIO
FATFS0.BSP.mode=Input
FATFS0.BSP.name=Detect_SDIO
FATFS0.BSP.semaphore=
FATFS0.BSP.solution=PJ13
FMC.CASLatency1=FMC_SDRAM_CAS_LATENCY_2
FMC.ExitSelfRefreshDelay1=6
FMC.IPParameters=LoadToActiveDelay1,ExitSelfRefreshDelay1,SelfRefreshTime1,RowCycleDelay1,RowCycleDelay2,WriteRecoveryTime1,RPDelay1,RPDelay2,RCDDelay1,CASLatency1,ReadBurst1,ReadBurst2
FMC.LoadToActiveDelay1=2
FMC.RCDDelay1=2
FMC.RPDelay1=2
FMC.RPDelay2=2
FMC.ReadBurst1=FMC_SDRAM_RBURST_ENABLE
FMC.ReadBurst2=FMC_SDRAM_RBURST_ENABLE
FMC.RowCycleDelay1=6
FMC.RowCycleDelay2=6
FMC.SelfRefreshTime1=4
FMC.WriteRecoveryTime1=2
File.Version=6
GPIO.groupedBy=Group By Peripherals
I2C2.IPParameters=Timing
I2C2.Timing=0x00C0EAFF
I2C3.IPParameters=Timing
I2C3.Timing=0x00C0EAFF
I2C4.IPParameters=Timing
I2C4.Timing=0x00C0EAFF
KeepUserPlacement=false
Mcu.Family=STM32F7
Mcu.IP0=ADC1
Mcu.IP1=ADC2
Mcu.IP10=I2C2
Mcu.IP11=I2C3
Mcu.IP12=I2C4
Mcu.IP13=LTDC
Mcu.IP14=NVIC
Mcu.IP15=QUADSPI
Mcu.IP16=RCC
Mcu.IP17=RTC
Mcu.IP18=SDMMC1
Mcu.IP19=SPI1
Mcu.IP2=ADC3
Mcu.IP20=SPI2
Mcu.IP21=SYS
Mcu.IP22=TIM2
Mcu.IP23=TIM3
Mcu.IP24=TIM4
Mcu.IP25=TIM7
Mcu.IP26=TIM8
Mcu.IP27=TIM10
Mcu.IP28=TIM11
Mcu.IP29=TIM12
Mcu.IP3=CAN1
Mcu.IP30=TIM14
Mcu.IP31=UART7
Mcu.IP32=USART1
Mcu.IP33=USART2
Mcu.IP34=USART3
Mcu.IP35=USART6
Mcu.IP36=USB_HOST
Mcu.IP37=USB_OTG_FS
Mcu.IP38=USB_OTG_HS
Mcu.IP4=CAN2
Mcu.IP5=CORTEX_M7
Mcu.IP6=DAC
Mcu.IP7=DMA2D
Mcu.IP8=FATFS
Mcu.IP9=FMC
Mcu.IPNb=39
Mcu.Name=STM32F746B(E-G)Tx
Mcu.Package=LQFP208
Mcu.Pin0=PE2
Mcu.Pin1=PE3
Mcu.Pin10=PI10
Mcu.Pin100=PK1
Mcu.Pin101=PK2
Mcu.Pin102=PG2
Mcu.Pin103=PG3
Mcu.Pin104=PG4
Mcu.Pin105=PG5
Mcu.Pin106=PG6
Mcu.Pin107=PG7
Mcu.Pin108=PG8
Mcu.Pin109=PC6
Mcu.Pin11=PI11
Mcu.Pin110=PC7
Mcu.Pin111=PC8
Mcu.Pin112=PC9
Mcu.Pin113=PA8
Mcu.Pin114=PA9
Mcu.Pin115=PA10
Mcu.Pin116=PA11
Mcu.Pin117=PA12
Mcu.Pin118=PA13
Mcu.Pin119=PH13
Mcu.Pin12=PF0
Mcu.Pin120=PH14
Mcu.Pin121=PH15
Mcu.Pin122=PI0
Mcu.Pin123=PI1
Mcu.Pin124=PI2
Mcu.Pin125=PI3
Mcu.Pin126=PA14
Mcu.Pin127=PA15
Mcu.Pin128=PC10
Mcu.Pin129=PC11
Mcu.Pin13=PF1
Mcu.Pin130=PC12
Mcu.Pin131=PD0
Mcu.Pin132=PD1
Mcu.Pin133=PD2
Mcu.Pin134=PD3
Mcu.Pin135=PD4
Mcu.Pin136=PD5
Mcu.Pin137=PD6
Mcu.Pin138=PD7
Mcu.Pin139=PJ12
Mcu.Pin14=PF2
Mcu.Pin140=PJ13
Mcu.Pin141=PJ14
Mcu.Pin142=PJ15
Mcu.Pin143=PG9
Mcu.Pin144=PG10
Mcu.Pin145=PG11
Mcu.Pin146=PG12
Mcu.Pin147=PG13
Mcu.Pin148=PG14
Mcu.Pin149=PK3
Mcu.Pin15=PI12
Mcu.Pin150=PK4
Mcu.Pin151=PK5
Mcu.Pin152=PK6
Mcu.Pin153=PK7
Mcu.Pin154=PG15
Mcu.Pin155=PB3
Mcu.Pin156=PB4
Mcu.Pin157=PB5
Mcu.Pin158=PB6
Mcu.Pin159=PB7
Mcu.Pin16=PI13
Mcu.Pin160=PB8
Mcu.Pin161=PB9
Mcu.Pin162=PE0
Mcu.Pin163=PE1
Mcu.Pin164=PI4
Mcu.Pin165=PI5
Mcu.Pin166=PI6
Mcu.Pin167=PI7
Mcu.Pin168=VP_DMA2D_VS_DMA2D
Mcu.Pin169=VP_FATFS_VS_SDIO
Mcu.Pin17=PI14
Mcu.Pin170=VP_FATFS_VS_USB
Mcu.Pin171=VP_RTC_VS_RTC_Activate
Mcu.Pin172=VP_RTC_VS_RTC_Calendar
Mcu.Pin173=VP_SYS_VS_Systick
Mcu.Pin174=VP_TIM2_VS_ClockSourceINT
Mcu.Pin175=VP_TIM3_VS_ClockSourceINT
Mcu.Pin176=VP_TIM4_VS_ClockSourceINT
Mcu.Pin177=VP_TIM7_VS_ClockSourceINT
Mcu.Pin178=VP_TIM10_VS_ClockSourceINT
Mcu.Pin179=VP_TIM11_VS_ClockSourceINT
Mcu.Pin18=PF3
Mcu.Pin180=VP_TIM14_VS_ClockSourceINT
Mcu.Pin181=VP_USB_HOST_VS_USB_HOST_MSC_HS
Mcu.Pin182=VP_USB_HOST_VS_USB_HOST_MSC_FS
Mcu.Pin19=PF4
Mcu.Pin2=PE4
Mcu.Pin20=PF5
Mcu.Pin21=PF6
Mcu.Pin22=PF7
Mcu.Pin23=PF8
Mcu.Pin24=PF9
Mcu.Pin25=PF10
Mcu.Pin26=PH0/OSC_IN
Mcu.Pin27=PH1/OSC_OUT
Mcu.Pin28=PC0
Mcu.Pin29=PC1
Mcu.Pin3=PE5
Mcu.Pin30=PC2
Mcu.Pin31=PC3
Mcu.Pin32=PA0/WKUP
Mcu.Pin33=PA1
Mcu.Pin34=PA2
Mcu.Pin35=PH2
Mcu.Pin36=PH3
Mcu.Pin37=PH4
Mcu.Pin38=PH5
Mcu.Pin39=PA3
Mcu.Pin4=PE6
Mcu.Pin40=PA4
Mcu.Pin41=PA5
Mcu.Pin42=PA6
Mcu.Pin43=PA7
Mcu.Pin44=PC4
Mcu.Pin45=PC5
Mcu.Pin46=PB0
Mcu.Pin47=PB1
Mcu.Pin48=PB2
Mcu.Pin49=PI15
Mcu.Pin5=PI8
Mcu.Pin50=PJ0
Mcu.Pin51=PJ1
Mcu.Pin52=PJ2
Mcu.Pin53=PJ3
Mcu.Pin54=PJ4
Mcu.Pin55=PF11
Mcu.Pin56=PF12
Mcu.Pin57=PF13
Mcu.Pin58=PF14
Mcu.Pin59=PF15
Mcu.Pin6=PC13
Mcu.Pin60=PG0
Mcu.Pin61=PG1
Mcu.Pin62=PE7
Mcu.Pin63=PE8
Mcu.Pin64=PE9
Mcu.Pin65=PE10
Mcu.Pin66=PE11
Mcu.Pin67=PE12
Mcu.Pin68=PE13
Mcu.Pin69=PE14
Mcu.Pin7=PC14/OSC32_IN
Mcu.Pin70=PE15
Mcu.Pin71=PB10
Mcu.Pin72=PB11
Mcu.Pin73=PJ5
Mcu.Pin74=PH6
Mcu.Pin75=PH7
Mcu.Pin76=PH8
Mcu.Pin77=PH9
Mcu.Pin78=PH10
Mcu.Pin79=PH11
Mcu.Pin8=PC15/OSC32_OUT
Mcu.Pin80=PH12
Mcu.Pin81=PB12
Mcu.Pin82=PB13
Mcu.Pin83=PB14
Mcu.Pin84=PB15
Mcu.Pin85=PD8
Mcu.Pin86=PD9
Mcu.Pin87=PD10
Mcu.Pin88=PD11
Mcu.Pin89=PD12
Mcu.Pin9=PI9
Mcu.Pin90=PD13
Mcu.Pin91=PD14
Mcu.Pin92=PD15
Mcu.Pin93=PJ6
Mcu.Pin94=PJ7
Mcu.Pin95=PJ8
Mcu.Pin96=PJ9
Mcu.Pin97=PJ10
Mcu.Pin98=PJ11
Mcu.Pin99=PK0
Mcu.PinsNb=183
Mcu.ThirdPartyNb=0
Mcu.UserConstants=
Mcu.UserName=STM32F746BGTx
MxCube.Version=6.4.0
MxDb.Version=DB.6.0.40
NVIC.BusFault_IRQn=true\:0\:0\:false\:false\:true\:false\:false
NVIC.DebugMonitor_IRQn=true\:0\:0\:false\:false\:true\:false\:false
NVIC.ForceEnableDMAVector=true
NVIC.HardFault_IRQn=true\:0\:0\:false\:false\:true\:false\:false
NVIC.MemoryManagement_IRQn=true\:0\:0\:false\:false\:true\:false\:false
NVIC.NonMaskableInt_IRQn=true\:0\:0\:false\:false\:true\:false\:false
NVIC.OTG_FS_IRQn=true\:0\:0\:false\:false\:true\:false\:true
NVIC.OTG_HS_IRQn=true\:0\:0\:false\:false\:true\:false\:true
NVIC.PendSV_IRQn=true\:0\:0\:false\:false\:true\:false\:false
NVIC.PriorityGroup=NVIC_PRIORITYGROUP_4
NVIC.SVCall_IRQn=true\:0\:0\:false\:false\:true\:false\:false
NVIC.SysTick_IRQn=true\:15\:0\:false\:false\:true\:false\:true
NVIC.UsageFault_IRQn=true\:0\:0\:false\:false\:true\:false\:false
PA0/WKUP.Locked=true
PA0/WKUP.Signal=ADCx_IN0
PA1.Locked=true
PA1.Signal=ADCx_IN1
PA10.Locked=true
PA10.Mode=Asynchronous
PA10.Signal=USART1_RX
PA11.Locked=true
PA11.Mode=Host_Only
PA11.Signal=USB_OTG_FS_DM
PA12.Locked=true
PA12.Mode=Host_Only
PA12.Signal=USB_OTG_FS_DP
PA13.Locked=true
PA13.Mode=Trace_Asynchronous_SW
PA13.Signal=SYS_JTMS-SWDIO
PA14.Locked=true
PA14.Mode=Trace_Asynchronous_SW
PA14.Signal=SYS_JTCK-SWCLK
PA15.Locked=true
PA15.Mode=NSS_Signal_Hard_Output
PA15.Signal=SPI1_NSS
PA2.Locked=true
PA2.Signal=ADCx_IN2
PA3.Locked=true
PA3.Signal=ADCx_IN3
PA4.Locked=true
PA4.Signal=COMP_DAC1_group
PA5.Locked=true
PA5.Mode=Full_Duplex_Master
PA5.Signal=SPI1_SCK
PA6.Locked=true
PA6.Mode=RGB565
PA6.Signal=LTDC_G2
PA7.GPIOParameters=GPIO_Label
PA7.GPIO_Label=PWM_OUTPUT3
PA7.Locked=true
PA7.Signal=S_TIM14_CH1
PA8.GPIOParameters=GPIO_Label
PA8.GPIO_Label=DIGITAL_OUTPUT6
PA8.Locked=true
PA8.Signal=GPIO_Output
PA9.Locked=true
PA9.Mode=Asynchronous
PA9.Signal=USART1_TX
PB0.Locked=true
PB0.Mode=RGB565
PB0.Signal=LTDC_R3
PB1.Locked=true
PB1.Mode=RGB565
PB1.Signal=LTDC_R6
PB10.Locked=true
PB10.Mode=Asynchronous
PB10.Signal=USART3_TX
PB11.Locked=true
PB11.Mode=Asynchronous
PB11.Signal=USART3_RX
PB12.Locked=true
PB12.Mode=CAN_Activate
PB12.Signal=CAN2_RX
PB13.Locked=true
PB13.Mode=CAN_Activate
PB13.Signal=CAN2_TX
PB14.Locked=true
PB14.Mode=Host_FS
PB14.Signal=USB_OTG_HS_DM
PB15.Locked=true
PB15.Mode=Host_FS
PB15.Signal=USB_OTG_HS_DP
PB2.Locked=true
PB2.Mode=Single Bank 1
PB2.Signal=QUADSPI_CLK
PB3.Locked=true
PB3.Mode=Trace_Asynchronous_SW
PB3.Signal=SYS_JTDO-SWO
PB4.Locked=true
PB4.Mode=Full_Duplex_Master
PB4.Signal=SPI1_MISO
PB5.Locked=true
PB5.Mode=Full_Duplex_Master
PB5.Signal=SPI1_MOSI
PB6.Locked=true
PB6.Mode=Single Bank 1
PB6.Signal=QUADSPI_BK1_NCS
PB7.GPIOParameters=GPIO_Label
PB7.GPIO_Label=DIGITAL_INPUT14
PB7.Locked=true
PB7.Signal=GPIO_Input
PB8.GPIOParameters=GPIO_Label
PB8.GPIO_Label=SPEED_INPUT1
PB8.Locked=true
PB8.Signal=S_TIM10_CH1
PB9.GPIOParameters=GPIO_Label
PB9.GPIO_Label=SPEED_INPUT2
PB9.Locked=true
PB9.Signal=S_TIM11_CH1
PC0.Locked=true
PC0.Signal=FMC_SDNWE
PC1.Locked=true
PC1.Signal=ADCx_IN11
PC10.Locked=true
PC10.Mode=SD_4_bits_Wide_bus
PC10.Signal=SDMMC1_D2
PC11.Locked=true
PC11.Mode=SD_4_bits_Wide_bus
PC11.Signal=SDMMC1_D3
PC12.Locked=true
PC12.Mode=SD_4_bits_Wide_bus
PC12.Signal=SDMMC1_CK
PC13.GPIOParameters=GPIO_Label
PC13.GPIO_Label=KEYPAD_INPUT5
PC13.Locked=true
PC13.Signal=GPXTI13
PC14/OSC32_IN.Locked=true
PC14/OSC32_IN.Mode=LSE-External-Oscillator
PC14/OSC32_IN.Signal=RCC_OSC32_IN
PC15/OSC32_OUT.Locked=true
PC15/OSC32_OUT.Mode=LSE-External-Oscillator
PC15/OSC32_OUT.Signal=RCC_OSC32_OUT
PC2.Locked=true
PC2.Mode=SdramChipSelect1_1
PC2.Signal=FMC_SDNE0
PC3.Locked=true
PC3.Mode=SdramChipSelect1_1
PC3.Signal=FMC_SDCKE0
PC4.Locked=true
PC4.Signal=ADCx_IN14
PC5.Locked=true
PC5.Signal=ADCx_IN15
PC6.GPIOParameters=GPIO_Label
PC6.GPIO_Label=PWM_OUTPUT1
PC6.Locked=true
PC6.Signal=S_TIM8_CH1
PC7.GPIOParameters=GPIO_Label
PC7.GPIO_Label=PWM_OUTPUT2
PC7.Locked=true
PC7.Signal=S_TIM8_CH2
PC8.Locked=true
PC8.Mode=SD_4_bits_Wide_bus
PC8.Signal=SDMMC1_D0
PC9.Locked=true
PC9.Mode=SD_4_bits_Wide_bus
PC9.Signal=SDMMC1_D1
PD0.Locked=true
PD0.Signal=FMC_D2_DA2
PD1.Locked=true
PD1.Signal=FMC_D3_DA3
PD10.Locked=true
PD10.Signal=FMC_D15_DA15
PD11.Locked=true
PD11.Mode=Single Bank 1
PD11.Signal=QUADSPI_BK1_IO0
PD12.Locked=true
PD12.Mode=Single Bank 1
PD12.Signal=QUADSPI_BK1_IO1
PD13.Locked=true
PD13.Mode=Single Bank 1
PD13.Signal=QUADSPI_BK1_IO3
PD14.Locked=true
PD14.Signal=FMC_D0_DA0
PD15.Locked=true
PD15.Signal=FMC_D1_DA1
PD2.Locked=true
PD2.Mode=SD_4_bits_Wide_bus
PD2.Signal=SDMMC1_CMD
PD3.GPIOParameters=GPIO_Label
PD3.GPIO_Label=BUZZER
PD3.Locked=true
PD3.Signal=GPIO_Output
PD4.Locked=true
PD4.Mode=Hardware Flow Control (RS485)
PD4.Signal=USART2_DE
PD5.Locked=true
PD5.Mode=Asynchronous
PD5.Signal=USART2_TX
PD6.Locked=true
PD6.Mode=Asynchronous
PD6.Signal=USART2_RX
PD7.GPIOParameters=GPIO_Label
PD7.GPIO_Label=USB_OTG_FS_Overcurrent
PD7.Locked=true
PD7.Signal=GPIO_Input
PD8.Locked=true
PD8.Signal=FMC_D13_DA13
PD9.Locked=true
PD9.Signal=FMC_D14_DA14
PE0.Locked=true
PE0.Signal=FMC_NBL0
PE1.Locked=true
PE1.Signal=FMC_NBL1
PE10.Locked=true
PE10.Signal=FMC_D7_DA7
PE11.Locked=true
PE11.Signal=FMC_D8_DA8
PE12.Locked=true
PE12.Signal=FMC_D9_DA9
PE13.Locked=true
PE13.Signal=FMC_D10_DA10
PE14.Locked=true
PE14.Signal=FMC_D11_DA11
PE15.Locked=true
PE15.Signal=FMC_D12_DA12
PE2.Locked=true
PE2.Mode=Single Bank 1
PE2.Signal=QUADSPI_BK1_IO2
PE3.GPIOParameters=GPIO_Label
PE3.GPIO_Label=DIGITAL_INPUT8
PE3.Locked=true
PE3.Signal=GPXTI3
PE4.GPIOParameters=GPIO_Label
PE4.GPIO_Label=KEYPAD_INPUT1
PE4.Locked=true
PE4.Signal=GPXTI4
PE5.GPIOParameters=GPIO_Label
PE5.GPIO_Label=KEYPAD_INPUT2
PE5.Locked=true
PE5.Signal=GPXTI5
PE6.GPIOParameters=GPIO_Label
PE6.GPIO_Label=KEYPAD_INPUT3
PE6.Locked=true
PE6.Signal=GPXTI6
PE7.Locked=true
PE7.Signal=FMC_D4_DA4
PE8.Locked=true
PE8.Signal=FMC_D5_DA5
PE9.Locked=true
PE9.Signal=FMC_D6_DA6
PF0.Locked=true
PF0.Signal=FMC_A0
PF1.Locked=true
PF1.Signal=FMC_A1
PF10.Locked=true
PF10.Mode=IN8
PF10.Signal=ADC3_IN8
PF11.Locked=true
PF11.Signal=FMC_SDNRAS
PF12.Locked=true
PF12.Signal=FMC_A6
PF13.Locked=true
PF13.Signal=FMC_A7
PF14.Locked=true
PF14.Signal=FMC_A8
PF15.Locked=true
PF15.Signal=FMC_A9
PF2.Locked=true
PF2.Signal=FMC_A2
PF3.Locked=true
PF3.Signal=FMC_A3
PF4.Locked=true
PF4.Signal=FMC_A4
PF5.Locked=true
PF5.Signal=FMC_A5
PF6.Locked=true
PF6.Mode=Asynchronous
PF6.Signal=UART7_RX
PF7.Locked=true
PF7.Mode=Asynchronous
PF7.Signal=UART7_TX
PF8.Locked=true
PF8.Mode=IN6
PF8.Signal=ADC3_IN6
PF9.Locked=true
PF9.Mode=IN7
PF9.Signal=ADC3_IN7
PG0.Locked=true
PG0.Signal=FMC_A10
PG1.Locked=true
PG1.Signal=FMC_A11
PG10.GPIOParameters=GPIO_Label
PG10.GPIO_Label=DRIVE_VBUS_FS2
PG10.Locked=true
PG10.Signal=GPIO_Output
PG11.GPIOParameters=GPIO_Label
PG11.GPIO_Label=DIGITAL_INPUT15
PG11.Locked=true
PG11.Signal=GPIO_Input
PG12.Locked=true
PG12.Mode=RGB565
PG12.Signal=LTDC_B4
PG13.GPIOParameters=GPIO_Label
PG13.GPIO_Label=DIGITAL_OUTPUT14
PG13.Locked=true
PG13.Signal=GPIO_Output
PG14.Locked=true
PG14.Mode=Asynchronous
PG14.Signal=USART6_TX
PG15.Locked=true
PG15.Signal=FMC_SDNCAS
PG2.GPIOParameters=GPIO_Label
PG2.GPIO_Label=DIGITAL_OUTPUT1
PG2.Locked=true
PG2.Signal=GPIO_Output
PG3.GPIOParameters=GPIO_Label
PG3.GPIO_Label=DIGITAL_OUTPUT2
PG3.Locked=true
PG3.Signal=GPIO_Output
PG4.Locked=true
PG4.Signal=FMC_A14_BA0
PG5.Locked=true
PG5.Signal=FMC_A15_BA1
PG6.GPIOParameters=GPIO_Label
PG6.GPIO_Label=DIGITAL_OUTPUT4
PG6.Locked=true
PG6.Signal=GPIO_Output
PG7.GPIOParameters=GPIO_Label
PG7.GPIO_Label=DIGITAL_OUTPUT5
PG7.Locked=true
PG7.Signal=GPIO_Output
PG8.Locked=true
PG8.Signal=FMC_SDCLK
PG9.Locked=true
PG9.Mode=Asynchronous
PG9.Signal=USART6_RX
PH0/OSC_IN.Locked=true
PH0/OSC_IN.Mode=HSE-External-Oscillator
PH0/OSC_IN.Signal=RCC_OSC_IN
PH1/OSC_OUT.Locked=true
PH1/OSC_OUT.Mode=HSE-External-Oscillator
PH1/OSC_OUT.Signal=RCC_OSC_OUT
PH10.GPIOParameters=GPIO_Label
PH10.GPIO_Label=DIGITAL_OUTPUT3
PH10.Locked=true
PH10.Signal=GPIO_Output
PH11.Locked=true
PH11.Mode=I2C
PH11.Signal=I2C4_SCL
PH12.Locked=true
PH12.Mode=I2C
PH12.Signal=I2C4_SDA
PH13.Locked=true
PH13.Mode=CAN_Activate
PH13.Signal=CAN1_TX
PH14.GPIOParameters=GPIO_Label
PH14.GPIO_Label=DIGITAL_INPUT3
PH14.Locked=true
PH14.Signal=GPXTI14
PH15.GPIOParameters=GPIO_Label
PH15.GPIO_Label=DIGITAL_OUTPUT7
PH15.Locked=true
PH15.Signal=GPIO_Output
PH2.GPIOParameters=GPIO_Label
PH2.GPIO_Label=DIGITAL_INPUT7
PH2.Locked=true
PH2.Signal=GPXTI2
PH3.GPIOParameters=GPIO_Label
PH3.GPIO_Label=DIGITAL_OUTPUT12
PH3.Locked=true
PH3.Signal=GPIO_Output
PH4.Locked=true
PH4.Mode=I2C
PH4.Signal=I2C2_SCL
PH5.Locked=true
PH5.Mode=I2C
PH5.Signal=I2C2_SDA
PH6.GPIOParameters=GPIO_Label
PH6.GPIO_Label=SPEED_INPUT3
PH6.Locked=true
PH6.Signal=S_TIM12_CH1
PH7.Locked=true
PH7.Mode=I2C
PH7.Signal=I2C3_SCL
PH8.Locked=true
PH8.Mode=I2C
PH8.Signal=I2C3_SDA
PH9.GPIOParameters=GPIO_Label
PH9.GPIO_Label=DIGITAL_INPUT2
PH9.Locked=true
PH9.Signal=GPXTI9
PI0.Locked=true
PI0.Mode=NSS_Signal_Hard_Output
PI0.Signal=SPI2_NSS
PI1.Locked=true
PI1.Mode=Full_Duplex_Master
PI1.Signal=SPI2_SCK
PI10.Locked=true
PI10.Mode=RGB565
PI10.Signal=LTDC_HSYNC
PI11.GPIOParameters=GPIO_Label
PI11.GPIO_Label=DIGITAL_INPUT9
PI11.Locked=true
PI11.Signal=GPXTI11
PI12.GPIOParameters=GPIO_Label
PI12.GPIO_Label=DIGITAL_INPUT10
PI12.Locked=true
PI12.Signal=GPXTI12
PI13.Locked=true
PI13.Mode=RGB565
PI13.Signal=LTDC_VSYNC
PI14.Locked=true
PI14.Mode=RGB565
PI14.Signal=LTDC_CLK
PI15.GPIOParameters=GPIO_Label
PI15.GPIO_Label=DIGITAL_INPUT4
PI15.Locked=true
PI15.Signal=GPXTI15
PI2.Locked=true
PI2.Mode=Full_Duplex_Master
PI2.Signal=SPI2_MISO
PI3.Locked=true
PI3.Mode=Full_Duplex_Master
PI3.Signal=SPI2_MOSI
PI4.GPIOParameters=GPIO_Label
PI4.GPIO_Label=DIGITAL_INPUT13
PI4.Locked=true
PI4.Signal=GPIO_Input
PI5.GPIOParameters=GPIO_Label
PI5.GPIO_Label=DIGITAL_INPUT12
PI5.Locked=true
PI5.Signal=GPIO_Output
PI6.GPIOParameters=GPIO_Label
PI6.GPIO_Label=DIGITAL_INPUT11
PI6.Locked=true
PI6.Signal=GPIO_Input
PI7.GPIOParameters=GPIO_Label
PI7.GPIO_Label=LCD_BCKLIGHT_CTRL
PI7.Locked=true
PI7.Signal=S_TIM8_CH3
PI8.GPIOParameters=GPIO_Label
PI8.GPIO_Label=KEYPAD_INPUT4
PI8.Locked=true
PI8.Signal=GPXTI8
PI9.Locked=true
PI9.Mode=CAN_Activate
PI9.Signal=CAN1_RX
PJ0.GPIOParameters=GPIO_Label
PJ0.GPIO_Label=DIGITAL_INPUT5
PJ0.Locked=true
PJ0.Signal=GPXTI0
PJ1.GPIOParameters=GPIO_Label
PJ1.GPIO_Label=DIGITAL_INPUT6
PJ1.Locked=true
PJ1.Signal=GPXTI1
PJ10.Locked=true
PJ10.Mode=RGB565
PJ10.Signal=LTDC_G3
PJ11.Locked=true
PJ11.Mode=RGB565
PJ11.Signal=LTDC_G4
PJ12.GPIOParameters=GPIO_Label
PJ12.GPIO_Label=USB_OTG_FS_PowerSwitchOn
PJ12.Locked=true
PJ12.Signal=GPIO_Output
PJ13.GPIOParameters=GPIO_Label
PJ13.GPIO_Label=SDMMC_DETECT
PJ13.Locked=true
PJ13.Signal=GPIO_Input
PJ14.GPIOParameters=GPIO_Label
PJ14.GPIO_Label=DRIVE_VBUS_FS1
PJ14.Locked=true
PJ14.Signal=GPIO_Output
PJ15.Locked=true
PJ15.Mode=RGB565
PJ15.Signal=LTDC_B3
PJ2.GPIOParameters=GPIO_Label
PJ2.GPIO_Label=DIGITAL_OUTPUT11
PJ2.Locked=true
PJ2.Signal=GPIO_Output
PJ3.Locked=true
PJ3.Mode=RGB565
PJ3.Signal=LTDC_R4
PJ4.Locked=true
PJ4.Mode=RGB565
PJ4.Signal=LTDC_R5
PJ5.GPIOParameters=GPIO_Label
PJ5.GPIO_Label=DIGITAL_OUTPUT10
PJ5.Locked=true
PJ5.Signal=GPIO_Output
PJ6.Locked=true
PJ6.Mode=RGB565
PJ6.Signal=LTDC_R7
PJ7.GPIOParameters=GPIO_Label
PJ7.GPIO_Label=DIGITAL_INPUT1
PJ7.Locked=true
PJ7.Signal=GPXTI7
PJ8.GPIOParameters=GPIO_Label
PJ8.GPIO_Label=DIGITAL_OUTPUT9
PJ8.Locked=true
PJ8.Signal=GPIO_Output
PJ9.GPIOParameters=GPIO_Label
PJ9.GPIO_Label=DIGITAL_OUTPUT8
PJ9.Locked=true
PJ9.Signal=GPIO_Output
PK0.Locked=true
PK0.Mode=RGB565
PK0.Signal=LTDC_G5
PK1.Locked=true
PK1.Mode=RGB565
PK1.Signal=LTDC_G6
PK2.Locked=true
PK2.Mode=RGB565
PK2.Signal=LTDC_G7
PK3.GPIOParameters=GPIO_Label
PK3.GPIO_Label=DIGITAL_OUTPUT13
PK3.Locked=true
PK3.Signal=GPIO_Output
PK4.Locked=true
PK4.Mode=RGB565
PK4.Signal=LTDC_B5
PK5.Locked=true
PK5.Mode=RGB565
PK5.Signal=LTDC_B6
PK6.Locked=true
PK6.Mode=RGB565
PK6.Signal=LTDC_B7
PK7.Locked=true
PK7.Mode=RGB565
PK7.Signal=LTDC_DE
PinOutPanel.RotationAngle=0
ProjectManager.AskForMigrate=true
ProjectManager.BackupPrevious=false
ProjectManager.CompilerOptimize=6
ProjectManager.ComputerToolchain=false
ProjectManager.CoupleFile=false
ProjectManager.CustomerFirmwarePackage=
ProjectManager.DefaultFWLocation=true
ProjectManager.DeletePrevious=true
ProjectManager.DeviceId=STM32F746BGTx
ProjectManager.FirmwarePackage=STM32Cube FW_F7 V1.16.1
ProjectManager.FreePins=false
ProjectManager.HalAssertFull=false
ProjectManager.HeapSize=0x200
ProjectManager.KeepUserCode=true
ProjectManager.LastFirmware=true
ProjectManager.LibraryCopy=0
ProjectManager.MainLocation=Core/Src
ProjectManager.NoMain=false
ProjectManager.PreviousToolchain=
ProjectManager.ProjectBuild=false
ProjectManager.ProjectFileName=obws_wl_cheetah_stm32f7_prod.ioc
ProjectManager.ProjectName=obws_wl_cheetah_stm32f7_prod
ProjectManager.RegisterCallBack=
ProjectManager.StackSize=0x400
ProjectManager.TargetToolchain=EWARM V8.32
ProjectManager.ToolChainLocation=
ProjectManager.UnderRoot=false
ProjectManager.functionlistsort=1-MX_GPIO_Init-GPIO-false-HAL-true,2-SystemClock_Config-RCC-false-HAL-false,3-MX_CAN1_Init-CAN1-false-HAL-true,4-MX_CAN2_Init-CAN2-false-HAL-true,5-MX_DMA2D_Init-DMA2D-false-HAL-true,6-MX_FMC_Init-FMC-false-HAL-true,7-MX_I2C2_Init-I2C2-false-HAL-true,8-MX_LTDC_Init-LTDC-false-HAL-true,9-MX_QUADSPI_Init-QUADSPI-false-HAL-true,10-MX_RTC_Init-RTC-false-HAL-true,11-MX_SDMMC1_SD_Init-SDMMC1-false-HAL-true,12-MX_FATFS_Init-FATFS-false-HAL-false,13-MX_USB_HOST_Init-USB_HOST-false-HAL-false,14-MX_ADC1_Init-ADC1-false-HAL-true,15-MX_ADC2_Init-ADC2-false-HAL-true,16-MX_ADC3_Init-ADC3-false-HAL-true,17-MX_SPI1_Init-SPI1-false-HAL-true,18-MX_TIM2_Init-TIM2-false-HAL-true,19-MX_TIM3_Init-TIM3-false-HAL-true,20-MX_TIM4_Init-TIM4-false-HAL-true,21-MX_TIM7_Init-TIM7-false-HAL-true,22-MX_TIM8_Init-TIM8-false-HAL-true,23-MX_TIM10_Init-TIM10-false-HAL-true,24-MX_TIM11_Init-TIM11-false-HAL-true,25-MX_UART7_Init-UART7-false-HAL-true,26-MX_USART1_UART_Init-USART1-false-HAL-true,27-MX_USART2_UART_Init-USART2-false-HAL-true,28-MX_USART3_UART_Init-USART3-false-HAL-true,29-MX_USART6_UART_Init-USART6-false-HAL-true,30-MX_DAC_Init-DAC-false-HAL-true,31-MX_I2C3_Init-I2C3-false-HAL-true,32-MX_SPI2_Init-SPI2-false-HAL-true,0-MX_CORTEX_M7_Init-CORTEX_M7-false-HAL-true
QUADSPI.ChipSelectHighTime=QSPI_CS_HIGH_TIME_6_CYCLE
QUADSPI.ClockPrescaler=1
QUADSPI.FifoThreshold=4
QUADSPI.IPParameters=ClockPrescaler,FifoThreshold,SampleShifting,ChipSelectHighTime
QUADSPI.SampleShifting=QSPI_SAMPLE_SHIFTING_HALFCYCLE
RCC.AHBFreq_Value=200000000
RCC.APB1CLKDivider=RCC_HCLK_DIV4
RCC.APB1Freq_Value=50000000
RCC.APB1TimFreq_Value=100000000
RCC.APB2CLKDivider=RCC_HCLK_DIV2
RCC.APB2Freq_Value=100000000
RCC.APB2TimFreq_Value=200000000
RCC.CECFreq_Value=32786.88524590164
RCC.CortexFreq_Value=200000000
RCC.EthernetFreq_Value=200000000
RCC.FCLKCortexFreq_Value=200000000
RCC.FamilyName=M
RCC.HCLKFreq_Value=200000000
RCC.HSE_VALUE=25000000
RCC.HSI_VALUE=16000000
RCC.I2C1Freq_Value=50000000
RCC.I2C2Freq_Value=50000000
RCC.I2C3Freq_Value=50000000
RCC.I2C4Freq_Value=50000000
RCC.I2SFreq_Value=96000000
RCC.IPParameters=AHBFreq_Value,APB1CLKDivider,APB1Freq_Value,APB1TimFreq_Value,APB2CLKDivider,APB2Freq_Value,APB2TimFreq_Value,CECFreq_Value,CortexFreq_Value,EthernetFreq_Value,FCLKCortexFreq_Value,FamilyName,HCLKFreq_Value,HSE_VALUE,HSI_VALUE,I2C1Freq_Value,I2C2Freq_Value,I2C3Freq_Value,I2C4Freq_Value,I2SFreq_Value,LCDTFToutputFreq_Value,LPTIM1Freq_Value,LSI_VALUE,MCO2PinFreq_Value,PLL48CLockSelection,PLLCLKFreq_Value,PLLI2SPCLKFreq_Value,PLLI2SQCLKFreq_Value,PLLI2SRCLKFreq_Value,PLLI2SRoutputFreq_Value,PLLM,PLLN,PLLQ,PLLQCLKFreq_Value,PLLQoutputFreq_Value,PLLSAIP,PLLSAIPCLKFreq_Value,PLLSAIQCLKFreq_Value,PLLSAIR,PLLSAIRCLKFreq_Value,PLLSAIoutputFreq_Value,RNGFreq_Value,SAI1Freq_Value,SAI2Freq_Value,SDMMCClockSelection,SDMMCFreq_Value,SPDIFRXFreq_Value,SYSCLKFreq_VALUE,SYSCLKSource,UART4Freq_Value,UART5Freq_Value,UART7Freq_Value,UART8Freq_Value,USART1Freq_Value,USART2Freq_Value,USART3Freq_Value,USART6Freq_Value,USBFreq_Value,VCOI2SOutputFreq_Value,VCOInputFreq_Value,VCOOutputFreq_Value,VCOSAIOutputFreq_Value
RCC.LCDTFToutputFreq_Value=32000000
RCC.LPTIM1Freq_Value=50000000
RCC.LSI_VALUE=32000
RCC.MCO2PinFreq_Value=200000000
RCC.PLL48CLockSelection=RCC_CLK48SOURCE_PLLSAIP
RCC.PLLCLKFreq_Value=200000000
RCC.PLLI2SPCLKFreq_Value=96000000
RCC.PLLI2SQCLKFreq_Value=96000000
RCC.PLLI2SRCLKFreq_Value=96000000
RCC.PLLI2SRoutputFreq_Value=96000000
RCC.PLLM=25
RCC.PLLN=400
RCC.PLLQ=8
RCC.PLLQCLKFreq_Value=50000000
RCC.PLLQoutputFreq_Value=50000000
RCC.PLLSAIP=RCC_PLLSAIP_DIV4
RCC.PLLSAIPCLKFreq_Value=48000000
RCC.PLLSAIQCLKFreq_Value=96000000
RCC.PLLSAIR=3
RCC.PLLSAIRCLKFreq_Value=64000000
RCC.PLLSAIoutputFreq_Value=48000000
RCC.RNGFreq_Value=48000000
RCC.SAI1Freq_Value=96000000
RCC.SAI2Freq_Value=96000000
RCC.SDMMCClockSelection=RCC_SDMMC1CLKSOURCE_CLK48
RCC.SDMMCFreq_Value=48000000
RCC.SPDIFRXFreq_Value=96000000
RCC.SYSCLKFreq_VALUE=200000000
RCC.SYSCLKSource=RCC_SYSCLKSOURCE_PLLCLK
RCC.UART4Freq_Value=50000000
RCC.UART5Freq_Value=50000000
RCC.UART7Freq_Value=50000000
RCC.UART8Freq_Value=50000000
RCC.USART1Freq_Value=100000000
RCC.USART2Freq_Value=50000000
RCC.USART3Freq_Value=50000000
RCC.USART6Freq_Value=100000000
RCC.USBFreq_Value=48000000
RCC.VCOI2SOutputFreq_Value=192000000
RCC.VCOInputFreq_Value=1000000
RCC.VCOOutputFreq_Value=400000000
RCC.VCOSAIOutputFreq_Value=192000000
SH.ADCx_IN0.0=ADC1_IN0,IN0
SH.ADCx_IN0.ConfNb=1
SH.ADCx_IN1.0=ADC1_IN1,IN1
SH.ADCx_IN1.ConfNb=1
SH.ADCx_IN11.0=ADC2_IN11,IN11
SH.ADCx_IN11.ConfNb=1
SH.ADCx_IN14.0=ADC2_IN14,IN14
SH.ADCx_IN14.ConfNb=1
SH.ADCx_IN15.0=ADC2_IN15,IN15
SH.ADCx_IN15.ConfNb=1
SH.ADCx_IN2.0=ADC1_IN2,IN2
SH.ADCx_IN2.ConfNb=1
SH.ADCx_IN3.0=ADC1_IN3,IN3
SH.ADCx_IN3.ConfNb=1
SH.COMP_DAC1_group.0=DAC_OUT1,DAC_OUT1
SH.COMP_DAC1_group.ConfNb=1
SH.FMC_A0.0=FMC_A0,12b-sda1
SH.FMC_A0.ConfNb=1
SH.FMC_A1.0=FMC_A1,12b-sda1
SH.FMC_A1.ConfNb=1
SH.FMC_A10.0=FMC_A10,12b-sda1
SH.FMC_A10.ConfNb=1
SH.FMC_A11.0=FMC_A11,12b-sda1
SH.FMC_A11.ConfNb=1
SH.FMC_A14_BA0.0=FMC_BA0,FourSdramBanks1
SH.FMC_A14_BA0.ConfNb=1
SH.FMC_A15_BA1.0=FMC_BA1,FourSdramBanks1
SH.FMC_A15_BA1.ConfNb=1
SH.FMC_A2.0=FMC_A2,12b-sda1
SH.FMC_A2.ConfNb=1
SH.FMC_A3.0=FMC_A3,12b-sda1
SH.FMC_A3.ConfNb=1
SH.FMC_A4.0=FMC_A4,12b-sda1
SH.FMC_A4.ConfNb=1
SH.FMC_A5.0=FMC_A5,12b-sda1
SH.FMC_A5.ConfNb=1
SH.FMC_A6.0=FMC_A6,12b-sda1
SH.FMC_A6.ConfNb=1
SH.FMC_A7.0=FMC_A7,12b-sda1
SH.FMC_A7.ConfNb=1
SH.FMC_A8.0=FMC_A8,12b-sda1
SH.FMC_A8.ConfNb=1
SH.FMC_A9.0=FMC_A9,12b-sda1
SH.FMC_A9.ConfNb=1
SH.FMC_D0_DA0.0=FMC_D0,sd-16b-d1
SH.FMC_D0_DA0.ConfNb=1
SH.FMC_D10_DA10.0=FMC_D10,sd-16b-d1
SH.FMC_D10_DA10.ConfNb=1
SH.FMC_D11_DA11.0=FMC_D11,sd-16b-d1
SH.FMC_D11_DA11.ConfNb=1
SH.FMC_D12_DA12.0=FMC_D12,sd-16b-d1
SH.FMC_D12_DA12.ConfNb=1
SH.FMC_D13_DA13.0=FMC_D13,sd-16b-d1
SH.FMC_D13_DA13.ConfNb=1
SH.FMC_D14_DA14.0=FMC_D14,sd-16b-d1
SH.FMC_D14_DA14.ConfNb=1
SH.FMC_D15_DA15.0=FMC_D15,sd-16b-d1
SH.FMC_D15_DA15.ConfNb=1
SH.FMC_D1_DA1.0=FMC_D1,sd-16b-d1
SH.FMC_D1_DA1.ConfNb=1
SH.FMC_D2_DA2.0=FMC_D2,sd-16b-d1
SH.FMC_D2_DA2.ConfNb=1
SH.FMC_D3_DA3.0=FMC_D3,sd-16b-d1
SH.FMC_D3_DA3.ConfNb=1
SH.FMC_D4_DA4.0=FMC_D4,sd-16b-d1
SH.FMC_D4_DA4.ConfNb=1
SH.FMC_D5_DA5.0=FMC_D5,sd-16b-d1
SH.FMC_D5_DA5.ConfNb=1
SH.FMC_D6_DA6.0=FMC_D6,sd-16b-d1
SH.FMC_D6_DA6.ConfNb=1
SH.FMC_D7_DA7.0=FMC_D7,sd-16b-d1
SH.FMC_D7_DA7.ConfNb=1
SH.FMC_D8_DA8.0=FMC_D8,sd-16b-d1
SH.FMC_D8_DA8.ConfNb=1
SH.FMC_D9_DA9.0=FMC_D9,sd-16b-d1
SH.FMC_D9_DA9.ConfNb=1
SH.FMC_NBL0.0=FMC_NBL0,Sd2ByteEnable1
SH.FMC_NBL0.ConfNb=1
SH.FMC_NBL1.0=FMC_NBL1,Sd2ByteEnable1
SH.FMC_NBL1.ConfNb=1
SH.FMC_SDCLK.0=FMC_SDCLK,12b-sda1
SH.FMC_SDCLK.ConfNb=1
SH.FMC_SDNCAS.0=FMC_SDNCAS,12b-sda1
SH.FMC_SDNCAS.ConfNb=1
SH.FMC_SDNRAS.0=FMC_SDNRAS,12b-sda1
SH.FMC_SDNRAS.ConfNb=1
SH.FMC_SDNWE.0=FMC_SDNWE,12b-sda1
SH.FMC_SDNWE.ConfNb=1
SH.GPXTI0.0=GPIO_EXTI0
SH.GPXTI0.ConfNb=1
SH.GPXTI1.0=GPIO_EXTI1
SH.GPXTI1.ConfNb=1
SH.GPXTI11.0=GPIO_EXTI11
SH.GPXTI11.ConfNb=1
SH.GPXTI12.0=GPIO_EXTI12
SH.GPXTI12.ConfNb=1
SH.GPXTI13.0=GPIO_EXTI13
SH.GPXTI13.ConfNb=1
SH.GPXTI14.0=GPIO_EXTI14
SH.GPXTI14.ConfNb=1
SH.GPXTI15.0=GPIO_EXTI15
SH.GPXTI15.ConfNb=1
SH.GPXTI2.0=GPIO_EXTI2
SH.GPXTI2.ConfNb=1
SH.GPXTI3.0=GPIO_EXTI3
SH.GPXTI3.ConfNb=1
SH.GPXTI4.0=GPIO_EXTI4
SH.GPXTI4.ConfNb=1
SH.GPXTI5.0=GPIO_EXTI5
SH.GPXTI5.ConfNb=1
SH.GPXTI6.0=GPIO_EXTI6
SH.GPXTI6.ConfNb=1
SH.GPXTI7.0=GPIO_EXTI7
SH.GPXTI7.ConfNb=1
SH.GPXTI8.0=GPIO_EXTI8
SH.GPXTI8.ConfNb=1
SH.GPXTI9.0=GPIO_EXTI9
SH.GPXTI9.ConfNb=1
SH.S_TIM10_CH1.0=TIM10_CH1,Input_Capture1_from_TI1
SH.S_TIM10_CH1.ConfNb=1
SH.S_TIM11_CH1.0=TIM11_CH1,Input_Capture1_from_TI1
SH.S_TIM11_CH1.ConfNb=1
SH.S_TIM12_CH1.0=TIM12_CH1,Input_Capture1_from_TI1
SH.S_TIM12_CH1.ConfNb=1
SH.S_TIM14_CH1.0=TIM14_CH1,PWM Generation1 CH1
SH.S_TIM14_CH1.ConfNb=1
SH.S_TIM8_CH1.0=TIM8_CH1,PWM Generation1 CH1
SH.S_TIM8_CH1.ConfNb=1
SH.S_TIM8_CH2.0=TIM8_CH2,PWM Generation2 CH2
SH.S_TIM8_CH2.ConfNb=1
SH.S_TIM8_CH3.0=TIM8_CH3,PWM Generation3 CH3
SH.S_TIM8_CH3.ConfNb=1
SPI1.CalculateBaudRate=50.0 MBits/s
SPI1.Direction=SPI_DIRECTION_2LINES
SPI1.IPParameters=VirtualType,Mode,Direction,CalculateBaudRate,VirtualNSS
SPI1.Mode=SPI_MODE_MASTER
SPI1.VirtualNSS=VM_NSSHARD
SPI1.VirtualType=VM_MASTER
SPI2.CalculateBaudRate=25.0 MBits/s
SPI2.Direction=SPI_DIRECTION_2LINES
SPI2.IPParameters=VirtualType,Mode,Direction,CalculateBaudRate,VirtualNSS
SPI2.Mode=SPI_MODE_MASTER
SPI2.VirtualNSS=VM_NSSHARD
SPI2.VirtualType=VM_MASTER
TIM10.Channel=TIM_CHANNEL_1
TIM10.IPParameters=Channel
TIM11.Channel=TIM_CHANNEL_1
TIM11.IPParameters=Channel
TIM12.Channel-Input_Capture1_from_TI1=TIM_CHANNEL_1
TIM12.IPParameters=Channel-Input_Capture1_from_TI1
TIM14.Channel=TIM_CHANNEL_1
TIM14.IPParameters=Channel
TIM8.Channel-PWM\ Generation1\ CH1=TIM_CHANNEL_1
TIM8.Channel-PWM\ Generation2\ CH2=TIM_CHANNEL_2
TIM8.Channel-PWM\ Generation3\ CH3=TIM_CHANNEL_3
TIM8.IPParameters=Channel-PWM Generation2 CH2,Channel-PWM Generation1 CH1,Channel-PWM Generation3 CH3
USART1.IPParameters=VirtualMode-Asynchronous
USART1.VirtualMode-Asynchronous=VM_ASYNC
USART2.IPParameters=VirtualMode-Asynchronous,VirtualMode-Hardware Flow Control (RS485)
USART2.VirtualMode-Asynchronous=VM_ASYNC
USART2.VirtualMode-Hardware\ Flow\ Control\ (RS485)=VM_ASYNC
USART3.IPParameters=VirtualMode-Asynchronous
USART3.VirtualMode-Asynchronous=VM_ASYNC
USART6.IPParameters=VirtualMode-Asynchronous
USART6.VirtualMode-Asynchronous=VM_ASYNC
USB_HOST.BSP.number=2
USB_HOST.IPParameters=VirtualModeHS,VirtualModeFS,USBH_HandleTypeDef-MSC_FS,USBH_HandleTypeDef-MSC_HS
USB_HOST.USBH_HandleTypeDef-MSC_FS=hUsbHostFS
USB_HOST.USBH_HandleTypeDef-MSC_HS=hUsbHostHS
USB_HOST.VirtualModeFS=Msc
USB_HOST.VirtualModeHS=Msc
USB_HOST0.BSP.STBoard=false
USB_HOST0.BSP.api=Unknown
USB_HOST0.BSP.component=
USB_HOST0.BSP.condition=
USB_HOST0.BSP.i2caddr=0
USB_HOST0.BSP.i2creg=
USB_HOST0.BSP.instance=PJ14
USB_HOST0.BSP.ip=GPIO
USB_HOST0.BSP.mode=Output
USB_HOST0.BSP.name=Drive_VBUS_FS
USB_HOST0.BSP.semaphore=
USB_HOST0.BSP.solution=PJ14
USB_HOST1.BSP.STBoard=false
USB_HOST1.BSP.api=Unknown
USB_HOST1.BSP.component=
USB_HOST1.BSP.condition=
USB_HOST1.BSP.i2caddr=0
USB_HOST1.BSP.i2creg=
USB_HOST1.BSP.instance=PG10
USB_HOST1.BSP.ip=GPIO
USB_HOST1.BSP.mode=Output
USB_HOST1.BSP.name=Drive_VBUS_HS
USB_HOST1.BSP.semaphore=
USB_HOST1.BSP.solution=PG10
USB_OTG_FS.IPParameters=VirtualMode,phy_itface
USB_OTG_FS.VirtualMode=Host_Only
USB_OTG_FS.phy_itface=HCD_PHY_EMBEDDED
USB_OTG_HS.IPParameters=VirtualMode-Host_FS
USB_OTG_HS.VirtualMode-Host_FS=Host_FS
VP_DMA2D_VS_DMA2D.Mode=DMA2D_Activate
VP_DMA2D_VS_DMA2D.Signal=DMA2D_VS_DMA2D
VP_FATFS_VS_SDIO.Mode=SDIO
VP_FATFS_VS_SDIO.Signal=FATFS_VS_SDIO
VP_FATFS_VS_USB.Mode=USB
VP_FATFS_VS_USB.Signal=FATFS_VS_USB
VP_RTC_VS_RTC_Activate.Mode=RTC_Enabled
VP_RTC_VS_RTC_Activate.Signal=RTC_VS_RTC_Activate
VP_RTC_VS_RTC_Calendar.Mode=RTC_Calendar
VP_RTC_VS_RTC_Calendar.Signal=RTC_VS_RTC_Calendar
VP_SYS_VS_Systick.Mode=SysTick
VP_SYS_VS_Systick.Signal=SYS_VS_Systick
VP_TIM10_VS_ClockSourceINT.Mode=Enable_Timer
VP_TIM10_VS_ClockSourceINT.Signal=TIM10_VS_ClockSourceINT
VP_TIM11_VS_ClockSourceINT.Mode=Enable_Timer
VP_TIM11_VS_ClockSourceINT.Signal=TIM11_VS_ClockSourceINT
VP_TIM14_VS_ClockSourceINT.Mode=Enable_Timer
VP_TIM14_VS_ClockSourceINT.Signal=TIM14_VS_ClockSourceINT
VP_TIM2_VS_ClockSourceINT.Mode=Internal
VP_TIM2_VS_ClockSourceINT.Signal=TIM2_VS_ClockSourceINT
VP_TIM3_VS_ClockSourceINT.Mode=Internal
VP_TIM3_VS_ClockSourceINT.Signal=TIM3_VS_ClockSourceINT
VP_TIM4_VS_ClockSourceINT.Mode=Internal
VP_TIM4_VS_ClockSourceINT.Signal=TIM4_VS_ClockSourceINT
VP_TIM7_VS_ClockSourceINT.Mode=Enable_Timer
VP_TIM7_VS_ClockSourceINT.Signal=TIM7_VS_ClockSourceINT
VP_USB_HOST_VS_USB_HOST_MSC_FS.Mode=MSC_FS
VP_USB_HOST_VS_USB_HOST_MSC_FS.Signal=USB_HOST_VS_USB_HOST_MSC_FS
VP_USB_HOST_VS_USB_HOST_MSC_HS.Mode=MSC_HS
VP_USB_HOST_VS_USB_HOST_MSC_HS.Signal=USB_HOST_VS_USB_HOST_MSC_HS
board=custom
